
Microsoft Visual Studio Solution File, Format Version 12.00
# Visual Studio Version 17
VisualStudioVersion = 17.10.35122.118
MinimumVisualStudioVersion = 10.0.40219.1
Project("{9A19103F-16F7-4668-BE54-9A1E7A4F7556}") = "EFCorePractices", "EFCorePractices\EFCorePractices.csproj", "{43CCB5DD-75C7-454D-A46B-509E324E846E}"
EndProject
Project("{9A19103F-16F7-4668-BE54-9A1E7A4F7556}") = "PMIS.Repositories", "PMIS.Repositories\PMIS.Repositories.csproj", "{C7CF7193-9DCE-4B7E-A667-0FE63BAF48E6}"
EndProject
Project("{9A19103F-16F7-4668-BE54-9A1E7A4F7556}") = "PMIS.Models", "PMIS.Models\PMIS.Models.csproj", "{04B93772-7215-473D-B12E-4A5AC0C6BE0D}"
EndProject
Project("{9A19103F-16F7-4668-BE54-9A1E7A4F7556}") = "PMIS.Database", "PMIS.Database\PMIS.Database.csproj", "{71CAC904-B802-4B67-A70A-6E1C0EDA768E}"
EndProject
Project("{9A19103F-16F7-4668-BE54-9A1E7A4F7556}") = "PMIS.WebApp", "PMIS.WebApp\PMIS.WebApp.csproj", "{23EB176A-089C-43E3-98A2-BD8D44EFB8EA}"
EndProject
Global
	GlobalSection(SolutionConfigurationPlatforms) = preSolution
		Debug|Any CPU = Debug|Any CPU
		Release|Any CPU = Release|Any CPU
	EndGlobalSection
	GlobalSection(ProjectConfigurationPlatforms) = postSolution
		{43CCB5DD-75C7-454D-A46B-509E324E846E}.Debug|Any CPU.ActiveCfg = Debug|Any CPU
		{43CCB5DD-75C7-454D-A46B-509E324E846E}.Debug|Any CPU.Build.0 = Debug|Any CPU
		{43CCB5DD-75C7-454D-A46B-509E324E846E}.Release|Any CPU.ActiveCfg = Release|Any CPU
		{43CCB5DD-75C7-454D-A46B-509E324E846E}.Release|Any CPU.Build.0 = Release|Any CPU
		{C7CF7193-9DCE-4B7E-A667-0FE63BAF48E6}.Debug|Any CPU.ActiveCfg = Debug|Any CPU
		{C7CF7193-9DCE-4B7E-A667-0FE63BAF48E6}.Debug|Any CPU.Build.0 = Debug|Any CPU
		{C7CF7193-9DCE-4B7E-A667-0FE63BAF48E6}.Release|Any CPU.ActiveCfg = Release|Any CPU
		{C7CF7193-9DCE-4B7E-A667-0FE63BAF48E6}.Release|Any CPU.Build.0 = Release|Any CPU
		{04B93772-7215-473D-B12E-4A5AC0C6BE0D}.Debug|Any CPU.ActiveCfg = Debug|Any CPU
		{04B93772-7215-473D-B12E-4A5AC0C6BE0D}.Debug|Any CPU.Build.0 = Debug|Any CPU
		{04B93772-7215-473D-B12E-4A5AC0C6BE0D}.Release|Any CPU.ActiveCfg = Release|Any CPU
		{04B93772-7215-473D-B12E-4A5AC0C6BE0D}.Release|Any CPU.Build.0 = Release|Any CPU
		{71CAC904-B802-4B67-A70A-6E1C0EDA768E}.Debug|Any CPU.ActiveCfg = Debug|Any CPU
		{71CAC904-B802-4B67-A70A-6E1C0EDA768E}.Debug|Any CPU.Build.0 = Debug|Any CPU
		{71CAC904-B802-4B67-A70A-6E1C0EDA768E}.Release|Any CPU.ActiveCfg = Release|Any CPU
		{71CAC904-B802-4B67-A70A-6E1C0EDA768E}.Release|Any CPU.Build.0 = Release|Any CPU
		{23EB176A-089C-43E3-98A2-BD8D44EFB8EA}.Debug|Any CPU.ActiveCfg = Debug|Any CPU
		{23EB176A-089C-43E3-98A2-BD8D44EFB8EA}.Debug|Any CPU.Build.0 = Debug|Any CPU
		{23EB176A-089C-43E3-98A2-BD8D44EFB8EA}.Release|Any CPU.ActiveCfg = Release|Any CPU
		{23EB176A-089C-43E3-98A2-BD8D44EFB8EA}.Release|Any CPU.Build.0 = Release|Any CPU
	EndGlobalSection
	GlobalSection(SolutionProperties) = preSolution
		HideSolutionNode = FALSE
	EndGlobalSection
	GlobalSection(ExtensibilityGlobals) = postSolution
		SolutionGuid = {96A205E3-C016-4F4C-B7C5-6C6F0D8C335D}
	EndGlobalSection
EndGlobal
